
Microsoft Visual Studio Solution File, Format Version 12.00
# Visual Studio Version 16
VisualStudioVersion = 16.0.30517.126
MinimumVisualStudioVersion = 10.0.40219.1
Project("{8BC9CEB8-8B4A-11D0-8D11-00A0C91BC942}") = "CUDAPractice", "CUDAPractice.vcxproj", "{51B9A40D-23AE-448B-ACC2-E68636808CA4}"
EndProject
Global
	GlobalSection(SolutionConfigurationPlatforms) = preSolution
		Debug|x64 = Debug|x64
		Release|x64 = Release|x64
	EndGlobalSection
	GlobalSection(ProjectConfigurationPlatforms) = postSolution
		{51B9A40D-23AE-448B-ACC2-E68636808CA4}.Debug|x64.ActiveCfg = Debug|x64
		{51B9A40D-23AE-448B-ACC2-E68636808CA4}.Debug|x64.Build.0 = Debug|x64
		{51B9A40D-23AE-448B-ACC2-E68636808CA4}.Release|x64.ActiveCfg = Release|x64
		{51B9A40D-23AE-448B-ACC2-E68636808CA4}.Release|x64.Build.0 = Release|x64
	EndGlobalSection
	GlobalSection(SolutionProperties) = preSolution
		HideSolutionNode = FALSE
	EndGlobalSection
	GlobalSection(ExtensibilityGlobals) = postSolution
		SolutionGuid = {A36D24B1-6ED3-40F0-A6A7-040155A9BDB4}
	EndGlobalSection
EndGlobal
